
Microsoft Visual Studio Solution File, Format Version 12.00
# Visual Studio Version 16
VisualStudioVersion = 16.0.29519.87
MinimumVisualStudioVersion = 10.0.40219.1
Project("{FAE04EC0-301F-11D3-BF4B-00C04F79EFBC}") = "TresNraya", "TresNraya.csproj", "{19641AF3-56D1-4083-9FAC-CB7C2D40D35F}"
EndProject
Global
	GlobalSection(SolutionConfigurationPlatforms) = preSolution
		Debug|Any CPU = Debug|Any CPU
		Release|Any CPU = Release|Any CPU
	EndGlobalSection
	GlobalSection(ProjectConfigurationPlatforms) = postSolution
		{19641AF3-56D1-4083-9FAC-CB7C2D40D35F}.Debug|Any CPU.ActiveCfg = Debug|Any CPU
		{19641AF3-56D1-4083-9FAC-CB7C2D40D35F}.Debug|Any CPU.Build.0 = Debug|Any CPU
		{19641AF3-56D1-4083-9FAC-CB7C2D40D35F}.Release|Any CPU.ActiveCfg = Release|Any CPU
		{19641AF3-56D1-4083-9FAC-CB7C2D40D35F}.Release|Any CPU.Build.0 = Release|Any CPU
	EndGlobalSection
	GlobalSection(SolutionProperties) = preSolution
		HideSolutionNode = FALSE
	EndGlobalSection
	GlobalSection(ExtensibilityGlobals) = postSolution
		SolutionGuid = {24DC2D66-8F68-4860-8145-0321BF2BA2A6}
	EndGlobalSection
EndGlobal
